
Microsoft Visual Studio Solution File, Format Version 12.00
# Visual Studio Version 17
VisualStudioVersion = 17.1.32210.238
MinimumVisualStudioVersion = 10.0.40219.1
Project("{FAE04EC0-301F-11D3-BF4B-00C04F79EFBC}") = "calc", "calc\calc.csproj", "{ACA80A19-B018-46A5-A484-6E106F06DD8F}"
EndProject
Global
	GlobalSection(SolutionConfigurationPlatforms) = preSolution
		Debug|Any CPU = Debug|Any CPU
		Release|Any CPU = Release|Any CPU
	EndGlobalSection
	GlobalSection(ProjectConfigurationPlatforms) = postSolution
		{ACA80A19-B018-46A5-A484-6E106F06DD8F}.Debug|Any CPU.ActiveCfg = Debug|Any CPU
		{ACA80A19-B018-46A5-A484-6E106F06DD8F}.Debug|Any CPU.Build.0 = Debug|Any CPU
		{ACA80A19-B018-46A5-A484-6E106F06DD8F}.Release|Any CPU.ActiveCfg = Release|Any CPU
		{ACA80A19-B018-46A5-A484-6E106F06DD8F}.Release|Any CPU.Build.0 = Release|Any CPU
	EndGlobalSection
	GlobalSection(SolutionProperties) = preSolution
		HideSolutionNode = FALSE
	EndGlobalSection
	GlobalSection(ExtensibilityGlobals) = postSolution
		SolutionGuid = {8B2CEC2F-8F6C-4C36-9965-ABD82150FD49}
	EndGlobalSection
EndGlobal
